github.com/fernet/fernet-go v0.0.0-20240119011108-303da6aec611 h1:JwYtKJ/DVEoIA5dH45OEU7uoryZY/gjd/BQiwwAOImM=
github.com/fernet/fernet-go v0.0.0-20240119011108-303da6aec611/go.mod h1:zHMNeYgqrTpKyjawjitDg0Osd1P/FmeA0SZLYK3RfLQ=
golang.org/x/crypto v0.40.0 h1:r4x+VvoG5Fm+eJcxMaY8CQM7Lb0l1lsmjGBQ6s8BfKM=
golang.org/x/crypto v0.40.0/go.mod h1:Qr1vMER5WyS2dfPHAlsOj01wgLbsyWtFn/aY+5+ZdxY=
